
Microsoft Visual Studio Solution File, Format Version 12.00
# Visual Studio Version 17
VisualStudioVersion = 17.5.33414.496
MinimumVisualStudioVersion = 10.0.40219.1
Project("{FAE04EC0-301F-11D3-BF4B-00C04F79EFBC}") = "AcademiaAtos_Exercicio01", "AcademiaAtos_Exercicio01.csproj", "{AEA9B82B-AB88-4ADD-A51D-9D6F8E40E62B}"
EndProject
Global
	GlobalSection(SolutionConfigurationPlatforms) = preSolution
		Debug|Any CPU = Debug|Any CPU
		Release|Any CPU = Release|Any CPU
	EndGlobalSection
	GlobalSection(ProjectConfigurationPlatforms) = postSolution
		{AEA9B82B-AB88-4ADD-A51D-9D6F8E40E62B}.Debug|Any CPU.ActiveCfg = Debug|Any CPU
		{AEA9B82B-AB88-4ADD-A51D-9D6F8E40E62B}.Debug|Any CPU.Build.0 = Debug|Any CPU
		{AEA9B82B-AB88-4ADD-A51D-9D6F8E40E62B}.Release|Any CPU.ActiveCfg = Release|Any CPU
		{AEA9B82B-AB88-4ADD-A51D-9D6F8E40E62B}.Release|Any CPU.Build.0 = Release|Any CPU
	EndGlobalSection
	GlobalSection(SolutionProperties) = preSolution
		HideSolutionNode = FALSE
	EndGlobalSection
	GlobalSection(ExtensibilityGlobals) = postSolution
		SolutionGuid = {55AB0E22-022F-4D82-8870-12877E1B46A0}
	EndGlobalSection
EndGlobal
