
Microsoft Visual Studio Solution File, Format Version 12.00
# Visual Studio Version 17
VisualStudioVersion = 17.5.33414.496
MinimumVisualStudioVersion = 10.0.40219.1
Project("{FAE04EC0-301F-11D3-BF4B-00C04F79EFBC}") = "AcademiaAtos_Exercicio07", "AcademiaAtos_Exercicio07.csproj", "{680F09FD-52DF-4CB3-829E-921753F937DF}"
EndProject
Global
	GlobalSection(SolutionConfigurationPlatforms) = preSolution
		Debug|Any CPU = Debug|Any CPU
		Release|Any CPU = Release|Any CPU
	EndGlobalSection
	GlobalSection(ProjectConfigurationPlatforms) = postSolution
		{680F09FD-52DF-4CB3-829E-921753F937DF}.Debug|Any CPU.ActiveCfg = Debug|Any CPU
		{680F09FD-52DF-4CB3-829E-921753F937DF}.Debug|Any CPU.Build.0 = Debug|Any CPU
		{680F09FD-52DF-4CB3-829E-921753F937DF}.Release|Any CPU.ActiveCfg = Release|Any CPU
		{680F09FD-52DF-4CB3-829E-921753F937DF}.Release|Any CPU.Build.0 = Release|Any CPU
	EndGlobalSection
	GlobalSection(SolutionProperties) = preSolution
		HideSolutionNode = FALSE
	EndGlobalSection
	GlobalSection(ExtensibilityGlobals) = postSolution
		SolutionGuid = {39A3A99E-2CB0-471F-89F2-CB2338D2E902}
	EndGlobalSection
EndGlobal
